github.com/rubenvanstaden/color v0.0.0-20221112233017-3ebd88f26b05 h1:z9dUDuRbyoitXnwwupP/UGGrv4Y6lB9TPgF1Rl5Vx1c=
github.com/rubenvanstaden/color v0.0.0-20221112233017-3ebd88f26b05/go.mod h1:7NhZ2HQZ0WnVCMO52SK1JoilX2fv36AXN4OpIV3abYU=
github.com/rubenvanstaden/color v0.1.0 h1:zXuiTSR9TavOFPNgnhzaqTnyRvh3xZWFjGUVLPw/ERQ=
github.com/rubenvanstaden/color v0.1.0/go.mod h1:7NhZ2HQZ0WnVCMO52SK1JoilX2fv36AXN4OpIV3abYU=
